
Microsoft Visual Studio Solution File, Format Version 12.00
# Visual Studio 15
VisualStudioVersion = 15.0.28307.106
MinimumVisualStudioVersion = 10.0.40219.1
Project("{9A19103F-16F7-4668-BE54-9A1E7A4F7556}") = "SlotSettingDiscriminationFramework", "SlotSettingDiscriminationFramework.csproj", "{308EE957-84C4-45FD-A366-85E33F74911A}"
EndProject
Global
	GlobalSection(SolutionConfigurationPlatforms) = preSolution
		Debug|Any CPU = Debug|Any CPU
		Release|Any CPU = Release|Any CPU
	EndGlobalSection
	GlobalSection(ProjectConfigurationPlatforms) = postSolution
		{308EE957-84C4-45FD-A366-85E33F74911A}.Debug|Any CPU.ActiveCfg = Debug|Any CPU
		{308EE957-84C4-45FD-A366-85E33F74911A}.Debug|Any CPU.Build.0 = Debug|Any CPU
		{308EE957-84C4-45FD-A366-85E33F74911A}.Release|Any CPU.ActiveCfg = Release|Any CPU
		{308EE957-84C4-45FD-A366-85E33F74911A}.Release|Any CPU.Build.0 = Release|Any CPU
	EndGlobalSection
	GlobalSection(SolutionProperties) = preSolution
		HideSolutionNode = FALSE
	EndGlobalSection
	GlobalSection(ExtensibilityGlobals) = postSolution
		SolutionGuid = {A66AF9B6-2BA9-45A2-A069-37BB6034E0B9}
	EndGlobalSection
EndGlobal
